
Microsoft Visual Studio Solution File, Format Version 12.00
# Visual Studio Version 17
VisualStudioVersion = 17.0.31903.59
MinimumVisualStudioVersion = 10.0.40219.1
Project("{2150E333-8FDC-42A3-9474-1A3956D46DE8}") = "src", "src", "{827E0CD3-B72D-47B6-A68D-7590B98EB39B}"
EndProject
Project("{FAE04EC0-301F-11D3-BF4B-00C04F79EFBC}") = "SpaceOS.Modules.Sales.Domain", "src\SpaceOS.Modules.Sales.Domain\SpaceOS.Modules.Sales.Domain.csproj", "{E306BE8C-D7C9-4217-849B-70C8D5CE298E}"
EndProject
Project("{FAE04EC0-301F-11D3-BF4B-00C04F79EFBC}") = "SpaceOS.Modules.Sales.Abstractions", "src\SpaceOS.Modules.Sales.Abstractions\SpaceOS.Modules.Sales.Abstractions.csproj", "{5748D258-0073-462D-9117-30F2E09C2D90}"
EndProject
Project("{FAE04EC0-301F-11D3-BF4B-00C04F79EFBC}") = "SpaceOS.Modules.Sales.Application", "src\SpaceOS.Modules.Sales.Application\SpaceOS.Modules.Sales.Application.csproj", "{68ADA0A2-B2BF-4810-B4E2-0F1E098AE23A}"
EndProject
Project("{FAE04EC0-301F-11D3-BF4B-00C04F79EFBC}") = "SpaceOS.Modules.Sales.Infrastructure", "src\SpaceOS.Modules.Sales.Infrastructure\SpaceOS.Modules.Sales.Infrastructure.csproj", "{34768B2D-C1E0-4A44-A3DE-B5DECF91C668}"
EndProject
Project("{FAE04EC0-301F-11D3-BF4B-00C04F79EFBC}") = "SpaceOS.Modules.Sales.Api", "src\SpaceOS.Modules.Sales.Api\SpaceOS.Modules.Sales.Api.csproj", "{73169D25-B72E-49DB-89D8-0A606E7CF4D0}"
EndProject
Project("{2150E333-8FDC-42A3-9474-1A3956D46DE8}") = "tests", "tests", "{0AB3BF05-4346-4AA6-1389-037BE0695223}"
EndProject
Project("{FAE04EC0-301F-11D3-BF4B-00C04F79EFBC}") = "SpaceOS.Modules.Sales.Tests", "tests\SpaceOS.Modules.Sales.Tests\SpaceOS.Modules.Sales.Tests.csproj", "{0BB21B6D-85E8-45CF-A3F9-1967BB816EEB}"
EndProject
Global
	GlobalSection(SolutionConfigurationPlatforms) = preSolution
		Debug|Any CPU = Debug|Any CPU
		Debug|x64 = Debug|x64
		Debug|x86 = Debug|x86
		Release|Any CPU = Release|Any CPU
		Release|x64 = Release|x64
		Release|x86 = Release|x86
	EndGlobalSection
	GlobalSection(ProjectConfigurationPlatforms) = postSolution
		{E306BE8C-D7C9-4217-849B-70C8D5CE298E}.Debug|Any CPU.ActiveCfg = Debug|Any CPU
		{E306BE8C-D7C9-4217-849B-70C8D5CE298E}.Debug|Any CPU.Build.0 = Debug|Any CPU
		{E306BE8C-D7C9-4217-849B-70C8D5CE298E}.Debug|x64.ActiveCfg = Debug|Any CPU
		{E306BE8C-D7C9-4217-849B-70C8D5CE298E}.Debug|x64.Build.0 = Debug|Any CPU
		{E306BE8C-D7C9-4217-849B-70C8D5CE298E}.Debug|x86.ActiveCfg = Debug|Any CPU
		{E306BE8C-D7C9-4217-849B-70C8D5CE298E}.Debug|x86.Build.0 = Debug|Any CPU
		{E306BE8C-D7C9-4217-849B-70C8D5CE298E}.Release|Any CPU.ActiveCfg = Release|Any CPU
		{E306BE8C-D7C9-4217-849B-70C8D5CE298E}.Release|Any CPU.Build.0 = Release|Any CPU
		{E306BE8C-D7C9-4217-849B-70C8D5CE298E}.Release|x64.ActiveCfg = Release|Any CPU
		{E306BE8C-D7C9-4217-849B-70C8D5CE298E}.Release|x64.Build.0 = Release|Any CPU
		{E306BE8C-D7C9-4217-849B-70C8D5CE298E}.Release|x86.ActiveCfg = Release|Any CPU
		{E306BE8C-D7C9-4217-849B-70C8D5CE298E}.Release|x86.Build.0 = Release|Any CPU
		{5748D258-0073-462D-9117-30F2E09C2D90}.Debug|Any CPU.ActiveCfg = Debug|Any CPU
		{5748D258-0073-462D-9117-30F2E09C2D90}.Debug|Any CPU.Build.0 = Debug|Any CPU
		{5748D258-0073-462D-9117-30F2E09C2D90}.Debug|x64.ActiveCfg = Debug|Any CPU
		{5748D258-0073-462D-9117-30F2E09C2D90}.Debug|x64.Build.0 = Debug|Any CPU
		{5748D258-0073-462D-9117-30F2E09C2D90}.Debug|x86.ActiveCfg = Debug|Any CPU
		{5748D258-0073-462D-9117-30F2E09C2D90}.Debug|x86.Build.0 = Debug|Any CPU
		{5748D258-0073-462D-9117-30F2E09C2D90}.Release|Any CPU.ActiveCfg = Release|Any CPU
		{5748D258-0073-462D-9117-30F2E09C2D90}.Release|Any CPU.Build.0 = Release|Any CPU
		{5748D258-0073-462D-9117-30F2E09C2D90}.Release|x64.ActiveCfg = Release|Any CPU
		{5748D258-0073-462D-9117-30F2E09C2D90}.Release|x64.Build.0 = Release|Any CPU
		{5748D258-0073-462D-9117-30F2E09C2D90}.Release|x86.ActiveCfg = Release|Any CPU
		{5748D258-0073-462D-9117-30F2E09C2D90}.Release|x86.Build.0 = Release|Any CPU
		{68ADA0A2-B2BF-4810-B4E2-0F1E098AE23A}.Debug|Any CPU.ActiveCfg = Debug|Any CPU
		{68ADA0A2-B2BF-4810-B4E2-0F1E098AE23A}.Debug|Any CPU.Build.0 = Debug|Any CPU
		{68ADA0A2-B2BF-4810-B4E2-0F1E098AE23A}.Debug|x64.ActiveCfg = Debug|Any CPU
		{68ADA0A2-B2BF-4810-B4E2-0F1E098AE23A}.Debug|x64.Build.0 = Debug|Any CPU
		{68ADA0A2-B2BF-4810-B4E2-0F1E098AE23A}.Debug|x86.ActiveCfg = Debug|Any CPU
		{68ADA0A2-B2BF-4810-B4E2-0F1E098AE23A}.Debug|x86.Build.0 = Debug|Any CPU
		{68ADA0A2-B2BF-4810-B4E2-0F1E098AE23A}.Release|Any CPU.ActiveCfg = Release|Any CPU
		{68ADA0A2-B2BF-4810-B4E2-0F1E098AE23A}.Release|Any CPU.Build.0 = Release|Any CPU
		{68ADA0A2-B2BF-4810-B4E2-0F1E098AE23A}.Release|x64.ActiveCfg = Release|Any CPU
		{68ADA0A2-B2BF-4810-B4E2-0F1E098AE23A}.Release|x64.Build.0 = Release|Any CPU
		{68ADA0A2-B2BF-4810-B4E2-0F1E098AE23A}.Release|x86.ActiveCfg = Release|Any CPU
		{68ADA0A2-B2BF-4810-B4E2-0F1E098AE23A}.Release|x86.Build.0 = Release|Any CPU
		{34768B2D-C1E0-4A44-A3DE-B5DECF91C668}.Debug|Any CPU.ActiveCfg = Debug|Any CPU
		{34768B2D-C1E0-4A44-A3DE-B5DECF91C668}.Debug|Any CPU.Build.0 = Debug|Any CPU
		{34768B2D-C1E0-4A44-A3DE-B5DECF91C668}.Debug|x64.ActiveCfg = Debug|Any CPU
		{34768B2D-C1E0-4A44-A3DE-B5DECF91C668}.Debug|x64.Build.0 = Debug|Any CPU
		{34768B2D-C1E0-4A44-A3DE-B5DECF91C668}.Debug|x86.ActiveCfg = Debug|Any CPU
		{34768B2D-C1E0-4A44-A3DE-B5DECF91C668}.Debug|x86.Build.0 = Debug|Any CPU
		{34768B2D-C1E0-4A44-A3DE-B5DECF91C668}.Release|Any CPU.ActiveCfg = Release|Any CPU
		{34768B2D-C1E0-4A44-A3DE-B5DECF91C668}.Release|Any CPU.Build.0 = Release|Any CPU
		{34768B2D-C1E0-4A44-A3DE-B5DECF91C668}.Release|x64.ActiveCfg = Release|Any CPU
		{34768B2D-C1E0-4A44-A3DE-B5DECF91C668}.Release|x64.Build.0 = Release|Any CPU
		{34768B2D-C1E0-4A44-A3DE-B5DECF91C668}.Release|x86.ActiveCfg = Release|Any CPU
		{34768B2D-C1E0-4A44-A3DE-B5DECF91C668}.Release|x86.Build.0 = Release|Any CPU
		{73169D25-B72E-49DB-89D8-0A606E7CF4D0}.Debug|Any CPU.ActiveCfg = Debug|Any CPU
		{73169D25-B72E-49DB-89D8-0A606E7CF4D0}.Debug|Any CPU.Build.0 = Debug|Any CPU
		{73169D25-B72E-49DB-89D8-0A606E7CF4D0}.Debug|x64.ActiveCfg = Debug|Any CPU
		{73169D25-B72E-49DB-89D8-0A606E7CF4D0}.Debug|x64.Build.0 = Debug|Any CPU
		{73169D25-B72E-49DB-89D8-0A606E7CF4D0}.Debug|x86.ActiveCfg = Debug|Any CPU
		{73169D25-B72E-49DB-89D8-0A606E7CF4D0}.Debug|x86.Build.0 = Debug|Any CPU
		{73169D25-B72E-49DB-89D8-0A606E7CF4D0}.Release|Any CPU.ActiveCfg = Release|Any CPU
		{73169D25-B72E-49DB-89D8-0A606E7CF4D0}.Release|Any CPU.Build.0 = Release|Any CPU
		{73169D25-B72E-49DB-89D8-0A606E7CF4D0}.Release|x64.ActiveCfg = Release|Any CPU
		{73169D25-B72E-49DB-89D8-0A606E7CF4D0}.Release|x64.Build.0 = Release|Any CPU
		{73169D25-B72E-49DB-89D8-0A606E7CF4D0}.Release|x86.ActiveCfg = Release|Any CPU
		{73169D25-B72E-49DB-89D8-0A606E7CF4D0}.Release|x86.Build.0 = Release|Any CPU
		{0BB21B6D-85E8-45CF-A3F9-1967BB816EEB}.Debug|Any CPU.ActiveCfg = Debug|Any CPU
		{0BB21B6D-85E8-45CF-A3F9-1967BB816EEB}.Debug|Any CPU.Build.0 = Debug|Any CPU
		{0BB21B6D-85E8-45CF-A3F9-1967BB816EEB}.Debug|x64.ActiveCfg = Debug|Any CPU
		{0BB21B6D-85E8-45CF-A3F9-1967BB816EEB}.Debug|x64.Build.0 = Debug|Any CPU
		{0BB21B6D-85E8-45CF-A3F9-1967BB816EEB}.Debug|x86.ActiveCfg = Debug|Any CPU
		{0BB21B6D-85E8-45CF-A3F9-1967BB816EEB}.Debug|x86.Build.0 = Debug|Any CPU
		{0BB21B6D-85E8-45CF-A3F9-1967BB816EEB}.Release|Any CPU.ActiveCfg = Release|Any CPU
		{0BB21B6D-85E8-45CF-A3F9-1967BB816EEB}.Release|Any CPU.Build.0 = Release|Any CPU
		{0BB21B6D-85E8-45CF-A3F9-1967BB816EEB}.Release|x64.ActiveCfg = Release|Any CPU
		{0BB21B6D-85E8-45CF-A3F9-1967BB816EEB}.Release|x64.Build.0 = Release|Any CPU
		{0BB21B6D-85E8-45CF-A3F9-1967BB816EEB}.Release|x86.ActiveCfg = Release|Any CPU
		{0BB21B6D-85E8-45CF-A3F9-1967BB816EEB}.Release|x86.Build.0 = Release|Any CPU
	EndGlobalSection
	GlobalSection(SolutionProperties) = preSolution
		HideSolutionNode = FALSE
	EndGlobalSection
	GlobalSection(NestedProjects) = preSolution
		{E306BE8C-D7C9-4217-849B-70C8D5CE298E} = {827E0CD3-B72D-47B6-A68D-7590B98EB39B}
		{5748D258-0073-462D-9117-30F2E09C2D90} = {827E0CD3-B72D-47B6-A68D-7590B98EB39B}
		{68ADA0A2-B2BF-4810-B4E2-0F1E098AE23A} = {827E0CD3-B72D-47B6-A68D-7590B98EB39B}
		{34768B2D-C1E0-4A44-A3DE-B5DECF91C668} = {827E0CD3-B72D-47B6-A68D-7590B98EB39B}
		{73169D25-B72E-49DB-89D8-0A606E7CF4D0} = {827E0CD3-B72D-47B6-A68D-7590B98EB39B}
		{0BB21B6D-85E8-45CF-A3F9-1967BB816EEB} = {0AB3BF05-4346-4AA6-1389-037BE0695223}
	EndGlobalSection
EndGlobal
